
Microsoft Visual Studio Solution File, Format Version 12.00
# Visual Studio 14
VisualStudioVersion = 14.0.25420.1
MinimumVisualStudioVersion = 10.0.40219.1
Project("{2150E333-8FDC-42A3-9474-1A3956D46DE8}") = "Solution Items", "Solution Items", "{9906F8F1-3C39-457F-BDD6-A9F70EA39F57}"
	ProjectSection(SolutionItems) = preProject
		CustomDictionary.xml = CustomDictionary.xml
		Unittests.runsettings = Unittests.runsettings
	EndProjectSection
EndProject
Project("{2150E333-8FDC-42A3-9474-1A3956D46DE8}") = ".nuget", ".nuget", "{22A869B8-E193-4AD3-B313-6397B5852330}"
	ProjectSection(SolutionItems) = preProject
		.nuget\packages.config = .nuget\packages.config
	EndProjectSection
EndProject
Project("{FAE04EC0-301F-11D3-BF4B-00C04F79EFBC}") = "Gcd", "Gcd\Gcd.csproj", "{D0817B1B-5A50-4948-9BC2-B9ED9026237E}"
EndProject
Project("{FAE04EC0-301F-11D3-BF4B-00C04F79EFBC}") = "GcdDemo", "GcdDemo\GcdDemo.csproj", "{B1DBDCFD-2FBA-4A35-9257-65FD06298939}"
EndProject
Project("{FAE04EC0-301F-11D3-BF4B-00C04F79EFBC}") = "TrafficLightDemo", "TrafficLightDemo\TrafficLightDemo.csproj", "{933A414E-5186-4667-8C2A-6A16E65F2045}"
EndProject
Project("{FAE04EC0-301F-11D3-BF4B-00C04F79EFBC}") = "DIDemo", "DIDemo\DIDemo.csproj", "{9AE43F57-3EA8-4335-9B98-8F03DE988B03}"
EndProject
Project("{FAE04EC0-301F-11D3-BF4B-00C04F79EFBC}") = "MonadDemo", "MonadDemo\MonadDemo.csproj", "{AA4ADF78-F755-4C61-B934-5F7B9DD0DB06}"
EndProject
Project("{FAE04EC0-301F-11D3-BF4B-00C04F79EFBC}") = "MonadTests", "MonadTests\MonadTests.csproj", "{89426238-8B69-464B-A88B-7E1AE3501EA7}"
EndProject
Project("{FAE04EC0-301F-11D3-BF4B-00C04F79EFBC}") = "Monad", "Monad\Monad.csproj", "{041F2DA2-B6C1-4702-930E-4717EDE65987}"
EndProject
Project("{FAE04EC0-301F-11D3-BF4B-00C04F79EFBC}") = "PGSolutions.Maybe", "PGSolutions.Maybe\PGSolutions.Maybe.csproj", "{5A425536-481E-48D4-A96D-09D442E4C335}"
EndProject
Project("{FAE04EC0-301F-11D3-BF4B-00C04F79EFBC}") = "PGSolutions.Maybe.Tests", "PGSolutions.Maybe.Tests\PGSolutions.Maybe.Tests.csproj", "{FBF2BFB8-CB61-43DB-B469-976B567557DD}"
EndProject
Project("{FAE04EC0-301F-11D3-BF4B-00C04F79EFBC}") = "PGSolutions.Nullable2", "PGSolutions.Nullable2\PGSolutions.Nullable2.csproj", "{FC92B1EA-EC28-4E10-8DDE-7C8E5CD10676}"
EndProject
Project("{FAE04EC0-301F-11D3-BF4B-00C04F79EFBC}") = "PGSolutions.Nullable2.Tests", "PGSolutions.Nullable2.Tests\PGSolutions.Nullable2.Tests.csproj", "{3A67700A-836A-42AD-B4BA-F42BDD39D515}"
EndProject
Global
	GlobalSection(SolutionConfigurationPlatforms) = preSolution
		CodeAnalysis|Any CPU = CodeAnalysis|Any CPU
		Debug|Any CPU = Debug|Any CPU
		Release|Any CPU = Release|Any CPU
	EndGlobalSection
	GlobalSection(ProjectConfigurationPlatforms) = postSolution
		{D0817B1B-5A50-4948-9BC2-B9ED9026237E}.CodeAnalysis|Any CPU.ActiveCfg = Release|Any CPU
		{D0817B1B-5A50-4948-9BC2-B9ED9026237E}.CodeAnalysis|Any CPU.Build.0 = Release|Any CPU
		{D0817B1B-5A50-4948-9BC2-B9ED9026237E}.Debug|Any CPU.ActiveCfg = Debug|Any CPU
		{D0817B1B-5A50-4948-9BC2-B9ED9026237E}.Debug|Any CPU.Build.0 = Debug|Any CPU
		{D0817B1B-5A50-4948-9BC2-B9ED9026237E}.Release|Any CPU.ActiveCfg = Release|Any CPU
		{D0817B1B-5A50-4948-9BC2-B9ED9026237E}.Release|Any CPU.Build.0 = Release|Any CPU
		{B1DBDCFD-2FBA-4A35-9257-65FD06298939}.CodeAnalysis|Any CPU.ActiveCfg = Release|Any CPU
		{B1DBDCFD-2FBA-4A35-9257-65FD06298939}.CodeAnalysis|Any CPU.Build.0 = Release|Any CPU
		{B1DBDCFD-2FBA-4A35-9257-65FD06298939}.Debug|Any CPU.ActiveCfg = Debug|Any CPU
		{B1DBDCFD-2FBA-4A35-9257-65FD06298939}.Debug|Any CPU.Build.0 = Debug|Any CPU
		{B1DBDCFD-2FBA-4A35-9257-65FD06298939}.Release|Any CPU.ActiveCfg = Release|Any CPU
		{B1DBDCFD-2FBA-4A35-9257-65FD06298939}.Release|Any CPU.Build.0 = Release|Any CPU
		{933A414E-5186-4667-8C2A-6A16E65F2045}.CodeAnalysis|Any CPU.ActiveCfg = Release|Any CPU
		{933A414E-5186-4667-8C2A-6A16E65F2045}.CodeAnalysis|Any CPU.Build.0 = Release|Any CPU
		{933A414E-5186-4667-8C2A-6A16E65F2045}.Debug|Any CPU.ActiveCfg = Debug|Any CPU
		{933A414E-5186-4667-8C2A-6A16E65F2045}.Debug|Any CPU.Build.0 = Debug|Any CPU
		{933A414E-5186-4667-8C2A-6A16E65F2045}.Release|Any CPU.ActiveCfg = Release|Any CPU
		{933A414E-5186-4667-8C2A-6A16E65F2045}.Release|Any CPU.Build.0 = Release|Any CPU
		{9AE43F57-3EA8-4335-9B98-8F03DE988B03}.CodeAnalysis|Any CPU.ActiveCfg = Release|Any CPU
		{9AE43F57-3EA8-4335-9B98-8F03DE988B03}.CodeAnalysis|Any CPU.Build.0 = Release|Any CPU
		{9AE43F57-3EA8-4335-9B98-8F03DE988B03}.Debug|Any CPU.ActiveCfg = Debug|Any CPU
		{9AE43F57-3EA8-4335-9B98-8F03DE988B03}.Debug|Any CPU.Build.0 = Debug|Any CPU
		{9AE43F57-3EA8-4335-9B98-8F03DE988B03}.Release|Any CPU.ActiveCfg = Release|Any CPU
		{9AE43F57-3EA8-4335-9B98-8F03DE988B03}.Release|Any CPU.Build.0 = Release|Any CPU
		{AA4ADF78-F755-4C61-B934-5F7B9DD0DB06}.CodeAnalysis|Any CPU.ActiveCfg = Release|Any CPU
		{AA4ADF78-F755-4C61-B934-5F7B9DD0DB06}.CodeAnalysis|Any CPU.Build.0 = Release|Any CPU
		{AA4ADF78-F755-4C61-B934-5F7B9DD0DB06}.Debug|Any CPU.ActiveCfg = Debug|Any CPU
		{AA4ADF78-F755-4C61-B934-5F7B9DD0DB06}.Debug|Any CPU.Build.0 = Debug|Any CPU
		{AA4ADF78-F755-4C61-B934-5F7B9DD0DB06}.Release|Any CPU.ActiveCfg = Release|Any CPU
		{AA4ADF78-F755-4C61-B934-5F7B9DD0DB06}.Release|Any CPU.Build.0 = Release|Any CPU
		{89426238-8B69-464B-A88B-7E1AE3501EA7}.CodeAnalysis|Any CPU.ActiveCfg = Release|Any CPU
		{89426238-8B69-464B-A88B-7E1AE3501EA7}.CodeAnalysis|Any CPU.Build.0 = Release|Any CPU
		{89426238-8B69-464B-A88B-7E1AE3501EA7}.Debug|Any CPU.ActiveCfg = Debug|Any CPU
		{89426238-8B69-464B-A88B-7E1AE3501EA7}.Debug|Any CPU.Build.0 = Debug|Any CPU
		{89426238-8B69-464B-A88B-7E1AE3501EA7}.Release|Any CPU.ActiveCfg = Release|Any CPU
		{89426238-8B69-464B-A88B-7E1AE3501EA7}.Release|Any CPU.Build.0 = Release|Any CPU
		{041F2DA2-B6C1-4702-930E-4717EDE65987}.CodeAnalysis|Any CPU.ActiveCfg = Release|Any CPU
		{041F2DA2-B6C1-4702-930E-4717EDE65987}.CodeAnalysis|Any CPU.Build.0 = Release|Any CPU
		{041F2DA2-B6C1-4702-930E-4717EDE65987}.Debug|Any CPU.ActiveCfg = Debug|Any CPU
		{041F2DA2-B6C1-4702-930E-4717EDE65987}.Debug|Any CPU.Build.0 = Debug|Any CPU
		{041F2DA2-B6C1-4702-930E-4717EDE65987}.Release|Any CPU.ActiveCfg = Release|Any CPU
		{041F2DA2-B6C1-4702-930E-4717EDE65987}.Release|Any CPU.Build.0 = Release|Any CPU
		{5A425536-481E-48D4-A96D-09D442E4C335}.CodeAnalysis|Any CPU.ActiveCfg = Release|Any CPU
		{5A425536-481E-48D4-A96D-09D442E4C335}.CodeAnalysis|Any CPU.Build.0 = Release|Any CPU
		{5A425536-481E-48D4-A96D-09D442E4C335}.Debug|Any CPU.ActiveCfg = Debug|Any CPU
		{5A425536-481E-48D4-A96D-09D442E4C335}.Debug|Any CPU.Build.0 = Debug|Any CPU
		{5A425536-481E-48D4-A96D-09D442E4C335}.Release|Any CPU.ActiveCfg = Release|Any CPU
		{5A425536-481E-48D4-A96D-09D442E4C335}.Release|Any CPU.Build.0 = Release|Any CPU
		{FBF2BFB8-CB61-43DB-B469-976B567557DD}.CodeAnalysis|Any CPU.ActiveCfg = Release|Any CPU
		{FBF2BFB8-CB61-43DB-B469-976B567557DD}.CodeAnalysis|Any CPU.Build.0 = Release|Any CPU
		{FBF2BFB8-CB61-43DB-B469-976B567557DD}.Debug|Any CPU.ActiveCfg = Debug|Any CPU
		{FBF2BFB8-CB61-43DB-B469-976B567557DD}.Debug|Any CPU.Build.0 = Debug|Any CPU
		{FBF2BFB8-CB61-43DB-B469-976B567557DD}.Release|Any CPU.ActiveCfg = Release|Any CPU
		{FBF2BFB8-CB61-43DB-B469-976B567557DD}.Release|Any CPU.Build.0 = Release|Any CPU
		{FC92B1EA-EC28-4E10-8DDE-7C8E5CD10676}.CodeAnalysis|Any CPU.ActiveCfg = Release|Any CPU
		{FC92B1EA-EC28-4E10-8DDE-7C8E5CD10676}.CodeAnalysis|Any CPU.Build.0 = Release|Any CPU
		{FC92B1EA-EC28-4E10-8DDE-7C8E5CD10676}.Debug|Any CPU.ActiveCfg = Debug|Any CPU
		{FC92B1EA-EC28-4E10-8DDE-7C8E5CD10676}.Debug|Any CPU.Build.0 = Debug|Any CPU
		{FC92B1EA-EC28-4E10-8DDE-7C8E5CD10676}.Release|Any CPU.ActiveCfg = Release|Any CPU
		{FC92B1EA-EC28-4E10-8DDE-7C8E5CD10676}.Release|Any CPU.Build.0 = Release|Any CPU
		{3A67700A-836A-42AD-B4BA-F42BDD39D515}.CodeAnalysis|Any CPU.ActiveCfg = Release|Any CPU
		{3A67700A-836A-42AD-B4BA-F42BDD39D515}.CodeAnalysis|Any CPU.Build.0 = Release|Any CPU
		{3A67700A-836A-42AD-B4BA-F42BDD39D515}.Debug|Any CPU.ActiveCfg = Debug|Any CPU
		{3A67700A-836A-42AD-B4BA-F42BDD39D515}.Debug|Any CPU.Build.0 = Debug|Any CPU
		{3A67700A-836A-42AD-B4BA-F42BDD39D515}.Release|Any CPU.ActiveCfg = Release|Any CPU
		{3A67700A-836A-42AD-B4BA-F42BDD39D515}.Release|Any CPU.Build.0 = Release|Any CPU
	EndGlobalSection
	GlobalSection(SolutionProperties) = preSolution
		HideSolutionNode = FALSE
	EndGlobalSection
EndGlobal
